
Microsoft Visual Studio Solution File, Format Version 12.00
# Visual Studio Version 17
VisualStudioVersion = 17.5.002.0
MinimumVisualStudioVersion = 10.0.40219.1
Project("{9A19103F-16F7-4668-BE54-9A1E7A4F7556}") = "SingletonPattern", "SingletonPattern\SingletonPattern.csproj", "{C9F93CEA-EFE1-4E90-8771-14B5921F4ADC}"
EndProject
Global
	GlobalSection(SolutionConfigurationPlatforms) = preSolution
		Debug|Any CPU = Debug|Any CPU
		Release|Any CPU = Release|Any CPU
	EndGlobalSection
	GlobalSection(ProjectConfigurationPlatforms) = postSolution
		{C9F93CEA-EFE1-4E90-8771-14B5921F4ADC}.Debug|Any CPU.ActiveCfg = Debug|Any CPU
		{C9F93CEA-EFE1-4E90-8771-14B5921F4ADC}.Debug|Any CPU.Build.0 = Debug|Any CPU
		{C9F93CEA-EFE1-4E90-8771-14B5921F4ADC}.Release|Any CPU.ActiveCfg = Release|Any CPU
		{C9F93CEA-EFE1-4E90-8771-14B5921F4ADC}.Release|Any CPU.Build.0 = Release|Any CPU
	EndGlobalSection
	GlobalSection(SolutionProperties) = preSolution
		HideSolutionNode = FALSE
	EndGlobalSection
	GlobalSection(ExtensibilityGlobals) = postSolution
		SolutionGuid = {6EBC6861-E7F2-4A81-B6C1-10D0E88A18DD}
	EndGlobalSection
EndGlobal
