
Microsoft Visual Studio Solution File, Format Version 12.00
# Visual Studio Version 17
VisualStudioVersion = 17.5.002.0
MinimumVisualStudioVersion = 10.0.40219.1
Project("{9A19103F-16F7-4668-BE54-9A1E7A4F7556}") = "PrototypePattern", "PrototypePattern\PrototypePattern.csproj", "{882B070D-9BFB-4AA7-93B7-2F223712A150}"
EndProject
Global
	GlobalSection(SolutionConfigurationPlatforms) = preSolution
		Debug|Any CPU = Debug|Any CPU
		Release|Any CPU = Release|Any CPU
	EndGlobalSection
	GlobalSection(ProjectConfigurationPlatforms) = postSolution
		{882B070D-9BFB-4AA7-93B7-2F223712A150}.Debug|Any CPU.ActiveCfg = Debug|Any CPU
		{882B070D-9BFB-4AA7-93B7-2F223712A150}.Debug|Any CPU.Build.0 = Debug|Any CPU
		{882B070D-9BFB-4AA7-93B7-2F223712A150}.Release|Any CPU.ActiveCfg = Release|Any CPU
		{882B070D-9BFB-4AA7-93B7-2F223712A150}.Release|Any CPU.Build.0 = Release|Any CPU
	EndGlobalSection
	GlobalSection(SolutionProperties) = preSolution
		HideSolutionNode = FALSE
	EndGlobalSection
	GlobalSection(ExtensibilityGlobals) = postSolution
		SolutionGuid = {2F543227-EEE7-43C2-B661-DB4F9D486019}
	EndGlobalSection
EndGlobal
